// !$*UTF8*$!
{
	archiveVersion = 1;
	classes = {
	};
	objectVersion = 46;
	objects = {

/* Begin PBXBuildFile section */
		6EEA9BF8199A5ABF00B884BC /* AppDelegate.swift in Sources */ = {isa = PBXBuildFile; fileRef = 6EEA9BF7199A5ABF00B884BC /* AppDelegate.swift */; };
		6EEA9BFA199A5ABF00B884BC /* ViewController.swift in Sources */ = {isa = PBXBuildFile; fileRef = 6EEA9BF9199A5ABF00B884BC /* ViewController.swift */; };
		6EEA9BFD199A5ABF00B884BC /* Main.storyboard in Resources */ = {isa = PBXBuildFile; fileRef = 6EEA9BFB199A5ABF00B884BC /* Main.storyboard */; };
		6EEA9BFF199A5ABF00B884BC /* Images.xcassets in Resources */ = {isa = PBXBuildFile; fileRef = 6EEA9BFE199A5ABF00B884BC /* Images.xcassets */; };
		6EEA9C0B199A5ABF00B884BC /* RoomPaidTests.swift in Sources */ = {isa = PBXBuildFile; fileRef = 6EEA9C0A199A5ABF00B884BC /* RoomPaidTests.swift */; };
/* End PBXBuildFile section */

/* Begin PBXContainerItemProxy section */
		6EEA9C05199A5ABF00B884BC /* PBXContainerItemProxy */ = {
			isa = PBXContainerItemProxy;
			containerPortal = 6EEA9BEA199A5ABF00B884BC /* Project object */;
			proxyType = 1;
			remoteGlobalIDString = 6EEA9BF1199A5ABF00B884BC;
			remoteInfo = RoomPaid;
		};
/* End PBXContainerItemProxy section */

/* Begin PBXFileReference section */
		6EEA9BF2199A5ABF00B884BC /* RoomPaid.app */ = {isa = PBXFileReference; explicitFileType = wrapper.application; includeInIndex = 0; path = RoomPaid.app; sourceTree = BUILT_PRODUCTS_DIR; };
		6EEA9BF6199A5ABF00B884BC /* Info.plist */ = {isa = PBXFileReference; lastKnownFileType = text.plist.xml; path = Info.plist; sourceTree = "<group>"; };
		6EEA9BF7199A5ABF00B884BC /* AppDelegate.swift */ = {isa = PBXFileReference; lastKnownFileType = sourcecode.swift; path = AppDelegate.swift; sourceTree = "<group>"; };
		6EEA9BF9199A5ABF00B884BC /* ViewController.swift */ = {isa = PBXFileReference; lastKnownFileType = sourcecode.swift; path = ViewController.swift; sourceTree = "<group>"; };
		6EEA9BFC199A5ABF00B884BC /* Base */ = {isa = PBXFileReference; lastKnownFileType = file.storyboard; name = Base; path = Base.lproj/Main.storyboard; sourceTree = "<group>"; };
		6EEA9BFE199A5ABF00B884BC /* Images.xcassets */ = {isa = PBXFileReference; lastKnownFileType = folder.assetcatalog; path = Images.xcassets; sourceTree = "<group>"; };
		6EEA9C04199A5ABF00B884BC /* RoomPaidTests.xctest */ = {isa = PBXFileReference; explicitFileType = wrapper.cfbundle; includeInIndex = 0; path = RoomPaidTests.xctest; sourceTree = BUILT_PRODUCTS_DIR; };
		6EEA9C09199A5ABF00B884BC /* Info.plist */ = {isa = PBXFileReference; lastKnownFileType = text.plist.xml; path = Info.plist; sourceTree = "<group>"; };
		6EEA9C0A199A5ABF00B884BC /* RoomPaidTests.swift */ = {isa = PBXFileReference; lastKnownFileType = sourcecode.swift; path = RoomPaidTests.swift; sourceTree = "<group>"; };
/* End PBXFileReference section */

/* Begin PBXFrameworksBuildPhase section */
		6EEA9BEF199A5ABF00B884BC /* Frameworks */ = {
			isa = PBXFrameworksBuildPhase;
			buildActionMask = 2147483647;
			files = (
			);
			runOnlyForDeploymentPostprocessing = 0;
		};
		6EEA9C01199A5ABF00B884BC /* Frameworks */ = {
			isa = PBXFrameworksBuildPhase;
			buildActionMask = 2147483647;
			files = (
			);
			runOnlyForDeploymentPostprocessing = 0;
		};
/* End PBXFrameworksBuildPhase section */

/* Begin PBXGroup section */
		6EEA9BE9199A5ABF00B884BC = {
			isa = PBXGroup;
			children = (
				6EEA9BF4199A5ABF00B884BC /* RoomPaid */,
				6EEA9C07199A5ABF00B884BC /* RoomPaidTests */,
				6EEA9BF3199A5ABF00B884BC /* Products */,
			);
			sourceTree = "<group>";
		};
		6EEA9BF3199A5ABF00B884BC /* Products */ = {
			isa = PBXGroup;
			children = (
				6EEA9BF2199A5ABF00B884BC /* RoomPaid.app */,
				6EEA9C04199A5ABF00B884BC /* RoomPaidTests.xctest */,
			);
			name = Products;
			sourceTree = "<group>";
		};
		6EEA9BF4199A5ABF00B884BC /* RoomPaid */ = {
			isa = PBXGroup;
			children = (
				6EEA9BF7199A5ABF00B884BC /* AppDelegate.swift */,
				6EEA9BF9199A5ABF00B884BC /* ViewController.swift */,
				6EEA9BFB199A5ABF00B884BC /* Main.storyboard */,
				6EEA9BFE199A5ABF00B884BC /* Images.xcassets */,
				6EEA9BF5199A5ABF00B884BC /* Supporting Files */,
			);
			path = RoomPaid;
			sourceTree = "<group>";
		};
		6EEA9BF5199A5ABF00B884BC /* Supporting Files */ = {
			isa = PBXGroup;
			children = (
				6EEA9BF6199A5ABF00B884BC /* Info.plist */,
			);
			name = "Supporting Files";
			sourceTree = "<group>";
		};
		6EEA9C07199A5ABF00B884BC /* RoomPaidTests */ = {
			isa = PBXGroup;
			children = (
				6EEA9C0A199A5ABF00B884BC /* RoomPaidTests.swift */,
				6EEA9C08199A5ABF00B884BC /* Supporting Files */,
			);
			path = RoomPaidTests;
			sourceTree = "<group>";
		};
		6EEA9C08199A5ABF00B884BC /* Supporting Files */ = {
			isa = PBXGroup;
			children = (
				6EEA9C09199A5ABF00B884BC /* Info.plist */,
			);
			name = "Supporting Files";
			sourceTree = "<group>";
		};
/* End PBXGroup section */

/* Begin PBXNativeTarget section */
		6EEA9BF1199A5ABF00B884BC /* RoomPaid */ = {
			isa = PBXNativeTarget;
			buildConfigurationList = 6EEA9C0E199A5ABF00B884BC /* Build configuration list for PBXNativeTarget "RoomPaid" */;
			buildPhases = (
				6EEA9BEE199A5ABF00B884BC /* Sources */,
				6EEA9BEF199A5ABF00B884BC /* Frameworks */,
				6EEA9BF0199A5ABF00B884BC /* Resources */,
			);
			buildRules = (
			);
			dependencies = (
			);
			name = RoomPaid;
			productName = RoomPaid;
			productReference = 6EEA9BF2199A5ABF00B884BC /* RoomPaid.app */;
			productType = "com.apple.product-type.application";
		};
		6EEA9C03199A5ABF00B884BC /* RoomPaidTests */ = {
			isa = PBXNativeTarget;
			buildConfigurationList = 6EEA9C11199A5ABF00B884BC /* Build configuration list for PBXNativeTarget "RoomPaidTests" */;
			buildPhases = (
				6EEA9C00199A5ABF00B884BC /* Sources */,
				6EEA9C01199A5ABF00B884BC /* Frameworks */,
				6EEA9C02199A5ABF00B884BC /* Resources */,
			);
			buildRules = (
			);
			dependencies = (
				6EEA9C06199A5ABF00B884BC /* PBXTargetDependency */,
			);
			name = RoomPaidTests;
			productName = RoomPaidTests;
			productReference = 6EEA9C04199A5ABF00B884BC /* RoomPaidTests.xctest */;
			productType = "com.apple.product-type.bundle.unit-test";
		};
/* End PBXNativeTarget section */

/* Begin PBXProject section */
		6EEA9BEA199A5ABF00B884BC /* Project object */ = {
			isa = PBXProject;
			attributes = {
				LastUpgradeCheck = 0600;
				ORGANIZATIONNAME = "Pablo Formoso Estada";
				TargetAttributes = {
					6EEA9BF1199A5ABF00B884BC = {
						CreatedOnToolsVersion = 6.0;
					};
					6EEA9C03199A5ABF00B884BC = {
						CreatedOnToolsVersion = 6.0;
						TestTargetID = 6EEA9BF1199A5ABF00B884BC;
					};
				};
			};
			buildConfigurationList = 6EEA9BED199A5ABF00B884BC /* Build configuration list for PBXProject "RoomPaid" */;
			compatibilityVersion = "Xcode 3.2";
			developmentRegion = English;
			hasScannedForEncodings = 0;
			knownRegions = (
				en,
				Base,
			);
			mainGroup = 6EEA9BE9199A5ABF00B884BC;
			productRefGroup = 6EEA9BF3199A5ABF00B884BC /* Products */;
			projectDirPath = "";
			projectRoot = "";
			targets = (
				6EEA9BF1199A5ABF00B884BC /* RoomPaid */,
				6EEA9C03199A5ABF00B884BC /* RoomPaidTests */,
			);
		};
/* End PBXProject section */

/* Begin PBXResourcesBuildPhase section */
		6EEA9BF0199A5ABF00B884BC /* Resources */ = {
			isa = PBXResourcesBuildPhase;
			buildActionMask = 2147483647;
			files = (
				6EEA9BFD199A5ABF00B884BC /* Main.storyboard in Resources */,
				6EEA9BFF199A5ABF00B884BC /* Images.xcassets in Resources */,
			);
			runOnlyForDeploymentPostprocessing = 0;
		};
		6EEA9C02199A5ABF00B884BC /* Resources */ = {
			isa = PBXResourcesBuildPhase;
			buildActionMask = 2147483647;
			files = (
			);
			runOnlyForDeploymentPostprocessing = 0;
		};
/* End PBXResourcesBuildPhase section */

/* Begin PBXSourcesBuildPhase section */
		6EEA9BEE199A5ABF00B884BC /* Sources */ = {
			isa = PBXSourcesBuildPhase;
			buildActionMask = 2147483647;
			files = (
				6EEA9BFA199A5ABF00B884BC /* ViewController.swift in Sources */,
				6EEA9BF8199A5ABF00B884BC /* AppDelegate.swift in Sources */,
			);
			runOnlyForDeploymentPostprocessing = 0;
		};
		6EEA9C00199A5ABF00B884BC /* Sources */ = {
			isa = PBXSourcesBuildPhase;
			buildActionMask = 2147483647;
			files = (
				6EEA9C0B199A5ABF00B884BC /* RoomPaidTests.swift in Sources */,
			);
			runOnlyForDeploymentPostprocessing = 0;
		};
/* End PBXSourcesBuildPhase section */

/* Begin PBXTargetDependency section */
		6EEA9C06199A5ABF00B884BC /* PBXTargetDependency */ = {
			isa = PBXTargetDependency;
			target = 6EEA9BF1199A5ABF00B884BC /* RoomPaid */;
			targetProxy = 6EEA9C05199A5ABF00B884BC /* PBXContainerItemProxy */;
		};
/* End PBXTargetDependency section */

/* Begin PBXVariantGroup section */
		6EEA9BFB199A5ABF00B884BC /* Main.storyboard */ = {
			isa = PBXVariantGroup;
			children = (
				6EEA9BFC199A5ABF00B884BC /* Base */,
			);
			name = Main.storyboard;
			sourceTree = "<group>";
		};
/* End PBXVariantGroup section */

/* Begin XCBuildConfiguration section */
		6EEA9C0C199A5ABF00B884BC /* Debug */ = {
			isa = XCBuildConfiguration;
			buildSettings = {
				ALWAYS_SEARCH_USER_PATHS = NO;
				CLANG_CXX_LANGUAGE_STANDARD = "gnu++0x";
				CLANG_CXX_LIBRARY = "libc++";
				CLANG_ENABLE_MODULES = YES;
				CLANG_ENABLE_OBJC_ARC = YES;
				CLANG_WARN_BOOL_CONVERSION = YES;
				CLANG_WARN_CONSTANT_CONVERSION = YES;
				CLANG_WARN_DIRECT_OBJC_ISA_USAGE = YES_ERROR;
				CLANG_WARN_EMPTY_BODY = YES;
				CLANG_WARN_ENUM_CONVERSION = YES;
				CLANG_WARN_INT_CONVERSION = YES;
				CLANG_WARN_OBJC_ROOT_CLASS = YES_ERROR;
				CLANG_WARN_UNREACHABLE_CODE = YES;
				CLANG_WARN__DUPLICATE_METHOD_MATCH = YES;
				"CODE_SIGN_IDENTITY[sdk=iphoneos*]" = "iPhone Developer";
				COPY_PHASE_STRIP = NO;
				ENABLE_STRICT_OBJC_MSGSEND = YES;
				GCC_C_LANGUAGE_STANDARD = gnu99;
				GCC_DYNAMIC_NO_PIC = NO;
				GCC_OPTIMIZATION_LEVEL = 0;
				GCC_PREPROCESSOR_DEFINITIONS = (
					"DEBUG=1",
					"$(inherited)",
				);
				GCC_SYMBOLS_PRIVATE_EXTERN = NO;
				GCC_WARN_64_TO_32_BIT_CONVERSION = YES;
				GCC_WARN_ABOUT_RETURN_TYPE = YES_ERROR;
				GCC_WARN_UNDECLARED_SELECTOR = YES;
				GCC_WARN_UNINITIALIZED_AUTOS = YES_AGGRESSIVE;
				GCC_WARN_UNUSED_FUNCTION = YES;
				GCC_WARN_UNUSED_VARIABLE = YES;
				IPHONEOS_DEPLOYMENT_TARGET = 8.0;
				METAL_ENABLE_DEBUG_INFO = YES;
				ONLY_ACTIVE_ARCH = YES;
				SDKROOT = iphoneos;
				SWIFT_OPTIMIZATION_LEVEL = "-Onone";
			};
			name = Debug;
		};
		6EEA9C0D199A5ABF00B884BC /* Release */ = {
			isa = XCBuildConfiguration;
			buildSettings = {
				ALWAYS_SEARCH_USER_PATHS = NO;
				CLANG_CXX_LANGUAGE_STANDARD = "gnu++0x";
				CLANG_CXX_LIBRARY = "libc++";
				CLANG_ENABLE_MODULES = YES;
				CLANG_ENABLE_OBJC_ARC = YES;
				CLANG_WARN_BOOL_CONVERSION = YES;
				CLANG_WARN_CONSTANT_CONVERSION = YES;
				CLANG_WARN_DIRECT_OBJC_ISA_USAGE = YES_ERROR;
				CLANG_WARN_EMPTY_BODY = YES;
				CLANG_WARN_ENUM_CONVERSION = YES;
				CLANG_WARN_INT_CONVERSION = YES;
				CLANG_WARN_OBJC_ROOT_CLASS = YES_ERROR;
				CLANG_WARN_UNREACHABLE_CODE = YES;
				CLANG_WARN__DUPLICATE_METHOD_MATCH = YES;
				"CODE_SIGN_IDENTITY[sdk=iphoneos*]" = "iPhone Developer";
				COPY_PHASE_STRIP = YES;
				ENABLE_NS_ASSERTIONS = NO;
				ENABLE_STRICT_OBJC_MSGSEND = YES;
				GCC_C_LANGUAGE_STANDARD = gnu99;
				GCC_WARN_64_TO_32_BIT_CONVERSION = YES;
				GCC_WARN_ABOUT_RETURN_TYPE = YES_ERROR;
				GCC_WARN_UNDECLARED_SELECTOR = YES;
				GCC_WARN_UNINITIALIZED_AUTOS = YES_AGGRESSIVE;
				GCC_WARN_UNUSED_FUNCTION = YES;
				GCC_WARN_UNUSED_VARIABLE = YES;
				IPHONEOS_DEPLOYMENT_TARGET = 8.0;
				METAL_ENABLE_DEBUG_INFO = NO;
				SDKROOT = iphoneos;
				VALIDATE_PRODUCT = YES;
			};
			name = Release;
		};
		6EEA9C0F199A5ABF00B884BC /* Debug */ = {
			isa = XCBuildConfiguration;
			buildSettings = {
				ASSETCATALOG_COMPILER_APPICON_NAME = AppIcon;
				ASSETCATALOG_COMPILER_LAUNCHIMAGE_NAME = LaunchImage;
				INFOPLIST_FILE = RoomPaid/Info.plist;
				LD_RUNPATH_SEARCH_PATHS = "$(inherited) @executable_path/Frameworks";
				PRODUCT_NAME = "$(TARGET_NAME)";
			};
			name = Debug;
		};
		6EEA9C10199A5ABF00B884BC /* Release */ = {
			isa = XCBuildConfiguration;
			buildSettings = {
				ASSETCATALOG_COMPILER_APPICON_NAME = AppIcon;
				ASSETCATALOG_COMPILER_LAUNCHIMAGE_NAME = LaunchImage;
				INFOPLIST_FILE = RoomPaid/Info.plist;
				LD_RUNPATH_SEARCH_PATHS = "$(inherited) @executable_path/Frameworks";
				PRODUCT_NAME = "$(TARGET_NAME)";
			};
			name = Release;
		};
		6EEA9C12199A5ABF00B884BC /* Debug */ = {
			isa = XCBuildConfiguration;
			buildSettings = {
				BUNDLE_LOADER = "$(BUILT_PRODUCTS_DIR)/RoomPaid.app/RoomPaid";
				FRAMEWORK_SEARCH_PATHS = (
					"$(SDKROOT)/Developer/Library/Frameworks",
					"$(inherited)",
				);
				GCC_PREPROCESSOR_DEFINITIONS = (
					"DEBUG=1",
					"$(inherited)",
				);
				INFOPLIST_FILE = RoomPaidTests/Info.plist;
				LD_RUNPATH_SEARCH_PATHS = "$(inherited) @executable_path/Frameworks @loader_path/Frameworks";
				METAL_ENABLE_DEBUG_INFO = YES;
				PRODUCT_NAME = "$(TARGET_NAME)";
				TEST_HOST = "$(BUNDLE_LOADER)";
			};
			name = Debug;
		};
		6EEA9C13199A5ABF00B884BC /* Release */ = {
			isa = XCBuildConfiguration;
			buildSettings = {
				BUNDLE_LOADER = "$(BUILT_PRODUCTS_DIR)/RoomPaid.app/RoomPaid";
				FRAMEWORK_SEARCH_PATHS = (
					"$(SDKROOT)/Developer/Library/Frameworks",
					"$(inherited)",
				);
				INFOPLIST_FILE = RoomPaidTests/Info.plist;
				LD_RUNPATH_SEARCH_PATHS = "$(inherited) @executable_path/Frameworks @loader_path/Frameworks";
				METAL_ENABLE_DEBUG_INFO = NO;
				PRODUCT_NAME = "$(TARGET_NAME)";
				TEST_HOST = "$(BUNDLE_LOADER)";
			};
			name = Release;
		};
/* End XCBuildConfiguration section */

/* Begin XCConfigurationList section */
		6EEA9BED199A5ABF00B884BC /* Build configuration list for PBXProject "RoomPaid" */ = {
			isa = XCConfigurationList;
			buildConfigurations = (
				6EEA9C0C199A5ABF00B884BC /* Debug */,
				6EEA9C0D199A5ABF00B884BC /* Release */,
			);
			defaultConfigurationIsVisible = 0;
			defaultConfigurationName = Release;
		};
		6EEA9C0E199A5ABF00B884BC /* Build configuration list for PBXNativeTarget "RoomPaid" */ = {
			isa = XCConfigurationList;
			buildConfigurations = (
				6EEA9C0F199A5ABF00B884BC /* Debug */,
				6EEA9C10199A5ABF00B884BC /* Release */,
			);
			defaultConfigurationIsVisible = 0;
		};
		6EEA9C11199A5ABF00B884BC /* Build configuration list for PBXNativeTarget "RoomPaidTests" */ = {
			isa = XCConfigurationList;
			buildConfigurations = (
				6EEA9C12199A5ABF00B884BC /* Debug */,
				6EEA9C13199A5ABF00B884BC /* Release */,
			);
			defaultConfigurationIsVisible = 0;
		};
/* End XCConfigurationList section */
	};
	rootObject = 6EEA9BEA199A5ABF00B884BC /* Project object */;
}
